PODS:
  - Alamofire (4.7.3)
  - SwiftyXMLParser (4.2.0)

DEPENDENCIES:
  - Alamofire (~> 4.7)
  - SwiftyXMLParser (from `https://github.com/yahoojapan/SwiftyXMLParser.git`)

SPEC REPOS:
  https://github.com/cocoapods/specs.git:
    - Alamofire

EXTERNAL SOURCES:
  SwiftyXMLParser:
    :git: https://github.com/yahoojapan/SwiftyXMLParser.git

CHECKOUT OPTIONS:
  SwiftyXMLParser:
    :commit: 8d5c12d0f1109621b6a4a90a30e3ad635d7efc75
    :git: https://github.com/yahoojapan/SwiftyXMLParser.git

SPEC CHECKSUMS:
  Alamofire: c7287b6e5d7da964a70935e5db17046b7fde6568
  SwiftyXMLParser: 0942fd979ab5c54658e16628156e9d32e08924c5

PODFILE CHECKSUM: 15eac00dbb38942b4df9094223ce560b6e5d97e0

COCOAPODS: 1.5.3
