// !$*UTF8*$!
{
	archiveVersion = 1;
	classes = {
	};
	objectVersion = 50;
	objects = {

/* Begin PBXBuildFile section */
		4F143FEF21795B0F004C418F /* CnWeater.swift in Sources */ = {isa = PBXBuildFile; fileRef = 4F143FEE21795B0F004C418F /* CnWeater.swift */; };
		4F17E433217EBD76000BDB06 /* MyWindowControl.swift in Sources */ = {isa = PBXBuildFile; fileRef = 4F17E432217EBD76000BDB06 /* MyWindowControl.swift */; };
		4F207001217865E60048215C /* AppDelegate.swift in Sources */ = {isa = PBXBuildFile; fileRef = 4F207000217865E60048215C /* AppDelegate.swift */; };
		4F207003217865E60048215C /* ViewController.swift in Sources */ = {isa = PBXBuildFile; fileRef = 4F207002217865E60048215C /* ViewController.swift */; };
		4F207005217865E60048215C /* Assets.xcassets in Resources */ = {isa = PBXBuildFile; fileRef = 4F207004217865E60048215C /* Assets.xcassets */; };
		4F207008217865E60048215C /* Main.storyboard in Resources */ = {isa = PBXBuildFile; fileRef = 4F207006217865E60048215C /* Main.storyboard */; };
		4F223BB72188560600F4CD42 /* FlashTexts.swift in Sources */ = {isa = PBXBuildFile; fileRef = 4F223BB62188560600F4CD42 /* FlashTexts.swift */; };
		4F396894217CBDD100725DDA /* FlapLabel.swift in Sources */ = {isa = PBXBuildFile; fileRef = 4F396892217CBDD100725DDA /* FlapLabel.swift */; };
		4F396896217CD02800725DDA /* CHWMarqueeView.swift in Sources */ = {isa = PBXBuildFile; fileRef = 4F396895217CD02800725DDA /* CHWMarqueeView.swift */; };
		4F42021B2188458F00EE6830 /* TitleLabel.swift in Sources */ = {isa = PBXBuildFile; fileRef = 4F42021A2188458F00EE6830 /* TitleLabel.swift */; };
		4F58B54B21799B75001085FC /* CnWeatherData.swift in Sources */ = {isa = PBXBuildFile; fileRef = 4F58B54A21799B75001085FC /* CnWeatherData.swift */; };
		4F58B54F2179D601001085FC /* PrefsViewController.swift in Sources */ = {isa = PBXBuildFile; fileRef = 4F58B54E2179D601001085FC /* PrefsViewController.swift */; };
		4F87E5D32186D44900CA7060 /* FlipClockView.swift in Sources */ = {isa = PBXBuildFile; fileRef = 4F87E5D22186D44900CA7060 /* FlipClockView.swift */; };
		4FBD690E2187210D005B8BEA /* daycard.png in Resources */ = {isa = PBXBuildFile; fileRef = 4FBD690D2187210D005B8BEA /* daycard.png */; };
		4FBD69122188222E005B8BEA /* flipclock.css in Resources */ = {isa = PBXBuildFile; fileRef = 4FBD690F2188222E005B8BEA /* flipclock.css */; };
		4FBD69132188222E005B8BEA /* index.html in Resources */ = {isa = PBXBuildFile; fileRef = 4FBD69102188222E005B8BEA /* index.html */; };
		4FBD69142188222E005B8BEA /* flipclock.js in Resources */ = {isa = PBXBuildFile; fileRef = 4FBD69112188222E005B8BEA /* flipclock.js */; };
		72C32F9EEE596782FF820209 /* Pods_DesktopClockAndWeather.framework in Frameworks */ = {isa = PBXBuildFile; fileRef = E107931CBC04A953004617AF /* Pods_DesktopClockAndWeather.framework */; };
/* End PBXBuildFile section */

/* Begin PBXFileReference section */
		4F143FEE21795B0F004C418F /* CnWeater.swift */ = {isa = PBXFileReference; lastKnownFileType = sourcecode.swift; path = CnWeater.swift; sourceTree = "<group>"; };
		4F17E432217EBD76000BDB06 /* MyWindowControl.swift */ = {isa = PBXFileReference; lastKnownFileType = sourcecode.swift; path = MyWindowControl.swift; sourceTree = "<group>"; };
		4F206FFD217865E60048215C /* DesktopClockAndWeather.app */ = {isa = PBXFileReference; explicitFileType = wrapper.application; includeInIndex = 0; path = DesktopClockAndWeather.app; sourceTree = BUILT_PRODUCTS_DIR; };
		4F207000217865E60048215C /* AppDelegate.swift */ = {isa = PBXFileReference; lastKnownFileType = sourcecode.swift; path = AppDelegate.swift; sourceTree = "<group>"; };
		4F207002217865E60048215C /* ViewController.swift */ = {isa = PBXFileReference; lastKnownFileType = sourcecode.swift; path = ViewController.swift; sourceTree = "<group>"; };
		4F207004217865E60048215C /* Assets.xcassets */ = {isa = PBXFileReference; lastKnownFileType = folder.assetcatalog; path = Assets.xcassets; sourceTree = "<group>"; };
		4F207007217865E60048215C /* Base */ = {isa = PBXFileReference; lastKnownFileType = file.storyboard; name = Base; path = Base.lproj/Main.storyboard; sourceTree = "<group>"; };
		4F207009217865E60048215C /* Info.plist */ = {isa = PBXFileReference; lastKnownFileType = text.plist.xml; path = Info.plist; sourceTree = "<group>"; };
		4F20700A217865E60048215C /* DesktopClockAndWeather.entitlements */ = {isa = PBXFileReference; lastKnownFileType = text.plist.entitlements; path = DesktopClockAndWeather.entitlements; sourceTree = "<group>"; };
		4F223BB62188560600F4CD42 /* FlashTexts.swift */ = {isa = PBXFileReference; lastKnownFileType = sourcecode.swift; path = FlashTexts.swift; sourceTree = "<group>"; };
		4F396892217CBDD100725DDA /* FlapLabel.swift */ = {isa = PBXFileReference; fileEncoding = 4; lastKnownFileType = sourcecode.swift; path = FlapLabel.swift; sourceTree = "<group>"; };
		4F396895217CD02800725DDA /* CHWMarqueeView.swift */ = {isa = PBXFileReference; lastKnownFileType = sourcecode.swift; path = CHWMarqueeView.swift; sourceTree = "<group>"; };
		4F42021A2188458F00EE6830 /* TitleLabel.swift */ = {isa = PBXFileReference; lastKnownFileType = sourcecode.swift; path = TitleLabel.swift; sourceTree = "<group>"; };
		4F58B54A21799B75001085FC /* CnWeatherData.swift */ = {isa = PBXFileReference; lastKnownFileType = sourcecode.swift; path = CnWeatherData.swift; sourceTree = "<group>"; };
		4F58B54E2179D601001085FC /* PrefsViewController.swift */ = {isa = PBXFileReference; lastKnownFileType = sourcecode.swift; path = PrefsViewController.swift; sourceTree = "<group>"; };
		4F87E5D22186D44900CA7060 /* FlipClockView.swift */ = {isa = PBXFileReference; fileEncoding = 4; lastKnownFileType = sourcecode.swift; path = FlipClockView.swift; sourceTree = "<group>"; };
		4FBD690D2187210D005B8BEA /* daycard.png */ = {isa = PBXFileReference; lastKnownFileType = image.png; path = daycard.png; sourceTree = "<group>"; };
		4FBD690F2188222E005B8BEA /* flipclock.css */ = {isa = PBXFileReference; fileEncoding = 4; lastKnownFileType = text.css; path = flipclock.css; sourceTree = "<group>"; };
		4FBD69102188222E005B8BEA /* index.html */ = {isa = PBXFileReference; fileEncoding = 4; lastKnownFileType = text.html; path = index.html; sourceTree = "<group>"; };
		4FBD69112188222E005B8BEA /* flipclock.js */ = {isa = PBXFileReference; fileEncoding = 4; lastKnownFileType = sourcecode.javascript; path = flipclock.js; sourceTree = "<group>"; };
		7A38F66C6BF6EC76293F7F40 /* Pods-DesktopClockAndWeather.release.xcconfig */ = {isa = PBXFileReference; includeInIndex = 1; lastKnownFileType = text.xcconfig; name = "Pods-DesktopClockAndWeather.release.xcconfig"; path = "Pods/Target Support Files/Pods-DesktopClockAndWeather/Pods-DesktopClockAndWeather.release.xcconfig"; sourceTree = "<group>"; };
		C9A13BE836B164157EE2B393 /* Pods-DesktopClockAndWeather.debug.xcconfig */ = {isa = PBXFileReference; includeInIndex = 1; lastKnownFileType = text.xcconfig; name = "Pods-DesktopClockAndWeather.debug.xcconfig"; path = "Pods/Target Support Files/Pods-DesktopClockAndWeather/Pods-DesktopClockAndWeather.debug.xcconfig"; sourceTree = "<group>"; };
		E107931CBC04A953004617AF /* Pods_DesktopClockAndWeather.framework */ = {isa = PBXFileReference; explicitFileType = wrapper.framework; includeInIndex = 0; path = Pods_DesktopClockAndWeather.framework; sourceTree = BUILT_PRODUCTS_DIR; };
/* End PBXFileReference section */

/* Begin PBXFrameworksBuildPhase section */
		4F206FFA217865E60048215C /* Frameworks */ = {
			isa = PBXFrameworksBuildPhase;
			buildActionMask = 2147483647;
			files = (
				72C32F9EEE596782FF820209 /* Pods_DesktopClockAndWeather.framework in Frameworks */,
			);
			runOnlyForDeploymentPostprocessing = 0;
		};
/* End PBXFrameworksBuildPhase section */

/* Begin PBXGroup section */
		271750AE5172BF912AF4464C /* Frameworks */ = {
			isa = PBXGroup;
			children = (
				E107931CBC04A953004617AF /* Pods_DesktopClockAndWeather.framework */,
			);
			name = Frameworks;
			sourceTree = "<group>";
		};
		4F206FF4217865E60048215C = {
			isa = PBXGroup;
			children = (
				4F206FFF217865E60048215C /* DesktopClockAndWeather */,
				4F206FFE217865E60048215C /* Products */,
				72208F5643FA285CA8AA59EB /* Pods */,
				271750AE5172BF912AF4464C /* Frameworks */,
			);
			sourceTree = "<group>";
		};
		4F206FFE217865E60048215C /* Products */ = {
			isa = PBXGroup;
			children = (
				4F206FFD217865E60048215C /* DesktopClockAndWeather.app */,
			);
			name = Products;
			sourceTree = "<group>";
		};
		4F206FFF217865E60048215C /* DesktopClockAndWeather */ = {
			isa = PBXGroup;
			children = (
				4F87E5CB2186CF7900CA7060 /* WebView */,
				4F396892217CBDD100725DDA /* FlapLabel.swift */,
				4F207000217865E60048215C /* AppDelegate.swift */,
				4F207002217865E60048215C /* ViewController.swift */,
				4F58B54E2179D601001085FC /* PrefsViewController.swift */,
				4F207004217865E60048215C /* Assets.xcassets */,
				4F207006217865E60048215C /* Main.storyboard */,
				4F207009217865E60048215C /* Info.plist */,
				4F20700A217865E60048215C /* DesktopClockAndWeather.entitlements */,
				4F143FEE21795B0F004C418F /* CnWeater.swift */,
				4F58B54A21799B75001085FC /* CnWeatherData.swift */,
				4F396895217CD02800725DDA /* CHWMarqueeView.swift */,
				4F17E432217EBD76000BDB06 /* MyWindowControl.swift */,
				4F87E5D22186D44900CA7060 /* FlipClockView.swift */,
				4F42021A2188458F00EE6830 /* TitleLabel.swift */,
				4F223BB62188560600F4CD42 /* FlashTexts.swift */,
			);
			path = DesktopClockAndWeather;
			sourceTree = "<group>";
		};
		4F87E5CB2186CF7900CA7060 /* WebView */ = {
			isa = PBXGroup;
			children = (
				4FBD690F2188222E005B8BEA /* flipclock.css */,
				4FBD69112188222E005B8BEA /* flipclock.js */,
				4FBD69102188222E005B8BEA /* index.html */,
				4FBD690D2187210D005B8BEA /* daycard.png */,
			);
			path = WebView;
			sourceTree = "<group>";
		};
		72208F5643FA285CA8AA59EB /* Pods */ = {
			isa = PBXGroup;
			children = (
				C9A13BE836B164157EE2B393 /* Pods-DesktopClockAndWeather.debug.xcconfig */,
				7A38F66C6BF6EC76293F7F40 /* Pods-DesktopClockAndWeather.release.xcconfig */,
			);
			name = Pods;
			sourceTree = "<group>";
		};
/* End PBXGroup section */

/* Begin PBXNativeTarget section */
		4F206FFC217865E60048215C /* DesktopClockAndWeather */ = {
			isa = PBXNativeTarget;
			buildConfigurationList = 4F20700D217865E60048215C /* Build configuration list for PBXNativeTarget "DesktopClockAndWeather" */;
			buildPhases = (
				210004C7D2C1688388BD7800 /* [CP] Check Pods Manifest.lock */,
				4F206FF9217865E60048215C /* Sources */,
				4F206FFA217865E60048215C /* Frameworks */,
				4F206FFB217865E60048215C /* Resources */,
				225C3B8E01E1C23EFA8CF7BE /* [CP] Embed Pods Frameworks */,
			);
			buildRules = (
			);
			dependencies = (
			);
			name = DesktopClockAndWeather;
			productName = DesktopClockAndWeather;
			productReference = 4F206FFD217865E60048215C /* DesktopClockAndWeather.app */;
			productType = "com.apple.product-type.application";
		};
/* End PBXNativeTarget section */

/* Begin PBXProject section */
		4F206FF5217865E60048215C /* Project object */ = {
			isa = PBXProject;
			attributes = {
				LastSwiftUpdateCheck = 1000;
				LastUpgradeCheck = 1000;
				ORGANIZATIONNAME = xuwei;
				TargetAttributes = {
					4F206FFC217865E60048215C = {
						CreatedOnToolsVersion = 10.0;
						SystemCapabilities = {
							com.apple.Sandbox = {
								enabled = 1;
							};
						};
					};
				};
			};
			buildConfigurationList = 4F206FF8217865E60048215C /* Build configuration list for PBXProject "DesktopClockAndWeather" */;
			compatibilityVersion = "Xcode 9.3";
			developmentRegion = en;
			hasScannedForEncodings = 0;
			knownRegions = (
				en,
				Base,
			);
			mainGroup = 4F206FF4217865E60048215C;
			productRefGroup = 4F206FFE217865E60048215C /* Products */;
			projectDirPath = "";
			projectRoot = "";
			targets = (
				4F206FFC217865E60048215C /* DesktopClockAndWeather */,
			);
		};
/* End PBXProject section */

/* Begin PBXResourcesBuildPhase section */
		4F206FFB217865E60048215C /* Resources */ = {
			isa = PBXResourcesBuildPhase;
			buildActionMask = 2147483647;
			files = (
				4FBD69142188222E005B8BEA /* flipclock.js in Resources */,
				4FBD69132188222E005B8BEA /* index.html in Resources */,
				4F207005217865E60048215C /* Assets.xcassets in Resources */,
				4FBD690E2187210D005B8BEA /* daycard.png in Resources */,
				4F207008217865E60048215C /* Main.storyboard in Resources */,
				4FBD69122188222E005B8BEA /* flipclock.css in Resources */,
			);
			runOnlyForDeploymentPostprocessing = 0;
		};
/* End PBXResourcesBuildPhase section */

/* Begin PBXShellScriptBuildPhase section */
		210004C7D2C1688388BD7800 /* [CP] Check Pods Manifest.lock */ = {
			isa = PBXShellScriptBuildPhase;
			buildActionMask = 2147483647;
			files = (
			);
			inputFileListPaths = (
			);
			inputPaths = (
				"${PODS_PODFILE_DIR_PATH}/Podfile.lock",
				"${PODS_ROOT}/Manifest.lock",
			);
			name = "[CP] Check Pods Manifest.lock";
			outputFileListPaths = (
			);
			outputPaths = (
				"$(DERIVED_FILE_DIR)/Pods-DesktopClockAndWeather-checkManifestLockResult.txt",
			);
			runOnlyForDeploymentPostprocessing = 0;
			shellPath = /bin/sh;
			shellScript = "diff \"${PODS_PODFILE_DIR_PATH}/Podfile.lock\" \"${PODS_ROOT}/Manifest.lock\" > /dev/null\nif [ $? != 0 ] ; then\n    # print error to STDERR\n    echo \"error: The sandbox is not in sync with the Podfile.lock. Run 'pod install' or update your CocoaPods installation.\" >&2\n    exit 1\nfi\n# This output is used by Xcode 'outputs' to avoid re-running this script phase.\necho \"SUCCESS\" > \"${SCRIPT_OUTPUT_FILE_0}\"\n";
			showEnvVarsInLog = 0;
		};
		225C3B8E01E1C23EFA8CF7BE /* [CP] Embed Pods Frameworks */ = {
			isa = PBXShellScriptBuildPhase;
			buildActionMask = 2147483647;
			files = (
			);
			inputFileListPaths = (
				"${PODS_ROOT}/Target Support Files/Pods-DesktopClockAndWeather/Pods-DesktopClockAndWeather-frameworks-${CONFIGURATION}-input-files.xcfilelist",
			);
			name = "[CP] Embed Pods Frameworks";
			outputFileListPaths = (
				"${PODS_ROOT}/Target Support Files/Pods-DesktopClockAndWeather/Pods-DesktopClockAndWeather-frameworks-${CONFIGURATION}-output-files.xcfilelist",
			);
			runOnlyForDeploymentPostprocessing = 0;
			shellPath = /bin/sh;
			shellScript = "\"${PODS_ROOT}/Target Support Files/Pods-DesktopClockAndWeather/Pods-DesktopClockAndWeather-frameworks.sh\"\n";
			showEnvVarsInLog = 0;
		};
/* End PBXShellScriptBuildPhase section */

/* Begin PBXSourcesBuildPhase section */
		4F206FF9217865E60048215C /* Sources */ = {
			isa = PBXSourcesBuildPhase;
			buildActionMask = 2147483647;
			files = (
				4F143FEF21795B0F004C418F /* CnWeater.swift in Sources */,
				4F58B54B21799B75001085FC /* CnWeatherData.swift in Sources */,
				4F17E433217EBD76000BDB06 /* MyWindowControl.swift in Sources */,
				4F58B54F2179D601001085FC /* PrefsViewController.swift in Sources */,
				4F42021B2188458F00EE6830 /* TitleLabel.swift in Sources */,
				4F223BB72188560600F4CD42 /* FlashTexts.swift in Sources */,
				4F87E5D32186D44900CA7060 /* FlipClockView.swift in Sources */,
				4F207003217865E60048215C /* ViewController.swift in Sources */,
				4F396896217CD02800725DDA /* CHWMarqueeView.swift in Sources */,
				4F207001217865E60048215C /* AppDelegate.swift in Sources */,
				4F396894217CBDD100725DDA /* FlapLabel.swift in Sources */,
			);
			runOnlyForDeploymentPostprocessing = 0;
		};
/* End PBXSourcesBuildPhase section */

/* Begin PBXVariantGroup section */
		4F207006217865E60048215C /* Main.storyboard */ = {
			isa = PBXVariantGroup;
			children = (
				4F207007217865E60048215C /* Base */,
			);
			name = Main.storyboard;
			sourceTree = "<group>";
		};
/* End PBXVariantGroup section */

/* Begin XCBuildConfiguration section */
		4F20700B217865E60048215C /* Debug */ = {
			isa = XCBuildConfiguration;
			buildSettings = {
				ALWAYS_SEARCH_USER_PATHS = NO;
				CLANG_ANALYZER_NONNULL = YES;
				CLANG_ANALYZER_NUMBER_OBJECT_CONVERSION = YES_AGGRESSIVE;
				CLANG_CXX_LANGUAGE_STANDARD = "gnu++14";
				CLANG_CXX_LIBRARY = "libc++";
				CLANG_ENABLE_MODULES = YES;
				CLANG_ENABLE_OBJC_ARC = YES;
				CLANG_ENABLE_OBJC_WEAK = YES;
				CLANG_WARN_BLOCK_CAPTURE_AUTORELEASING = YES;
				CLANG_WARN_BOOL_CONVERSION = YES;
				CLANG_WARN_COMMA = YES;
				CLANG_WARN_CONSTANT_CONVERSION = YES;
				CLANG_WARN_DEPRECATED_OBJC_IMPLEMENTATIONS = YES;
				CLANG_WARN_DIRECT_OBJC_ISA_USAGE = YES_ERROR;
				CLANG_WARN_DOCUMENTATION_COMMENTS = YES;
				CLANG_WARN_EMPTY_BODY = YES;
				CLANG_WARN_ENUM_CONVERSION = YES;
				CLANG_WARN_INFINITE_RECURSION = YES;
				CLANG_WARN_INT_CONVERSION = YES;
				CLANG_WARN_NON_LITERAL_NULL_CONVERSION = YES;
				CLANG_WARN_OBJC_IMPLICIT_RETAIN_SELF = YES;
				CLANG_WARN_OBJC_LITERAL_CONVERSION = YES;
				CLANG_WARN_OBJC_ROOT_CLASS = YES_ERROR;
				CLANG_WARN_RANGE_LOOP_ANALYSIS = YES;
				CLANG_WARN_STRICT_PROTOTYPES = YES;
				CLANG_WARN_SUSPICIOUS_MOVE = YES;
				CLANG_WARN_UNGUARDED_AVAILABILITY = YES_AGGRESSIVE;
				CLANG_WARN_UNREACHABLE_CODE = YES;
				CLANG_WARN__DUPLICATE_METHOD_MATCH = YES;
				CODE_SIGN_IDENTITY = "-";
				COPY_PHASE_STRIP = NO;
				DEBUG_INFORMATION_FORMAT = dwarf;
				ENABLE_STRICT_OBJC_MSGSEND = YES;
				ENABLE_TESTABILITY = YES;
				GCC_C_LANGUAGE_STANDARD = gnu11;
				GCC_DYNAMIC_NO_PIC = NO;
				GCC_NO_COMMON_BLOCKS = YES;
				GCC_OPTIMIZATION_LEVEL = 0;
				GCC_PREPROCESSOR_DEFINITIONS = (
					"DEBUG=1",
					"$(inherited)",
				);
				GCC_WARN_64_TO_32_BIT_CONVERSION = YES;
				GCC_WARN_ABOUT_RETURN_TYPE = YES_ERROR;
				GCC_WARN_UNDECLARED_SELECTOR = YES;
				GCC_WARN_UNINITIALIZED_AUTOS = YES_AGGRESSIVE;
				GCC_WARN_UNUSED_FUNCTION = YES;
				GCC_WARN_UNUSED_VARIABLE = YES;
				MACOSX_DEPLOYMENT_TARGET = 10.13;
				MTL_ENABLE_DEBUG_INFO = INCLUDE_SOURCE;
				MTL_FAST_MATH = YES;
				ONLY_ACTIVE_ARCH = YES;
				SDKROOT = macosx;
				SWIFT_ACTIVE_COMPILATION_CONDITIONS = DEBUG;
				SWIFT_OPTIMIZATION_LEVEL = "-Onone";
			};
			name = Debug;
		};
		4F20700C217865E60048215C /* Release */ = {
			isa = XCBuildConfiguration;
			buildSettings = {
				ALWAYS_SEARCH_USER_PATHS = NO;
				CLANG_ANALYZER_NONNULL = YES;
				CLANG_ANALYZER_NUMBER_OBJECT_CONVERSION = YES_AGGRESSIVE;
				CLANG_CXX_LANGUAGE_STANDARD = "gnu++14";
				CLANG_CXX_LIBRARY = "libc++";
				CLANG_ENABLE_MODULES = YES;
				CLANG_ENABLE_OBJC_ARC = YES;
				CLANG_ENABLE_OBJC_WEAK = YES;
				CLANG_WARN_BLOCK_CAPTURE_AUTORELEASING = YES;
				CLANG_WARN_BOOL_CONVERSION = YES;
				CLANG_WARN_COMMA = YES;
				CLANG_WARN_CONSTANT_CONVERSION = YES;
				CLANG_WARN_DEPRECATED_OBJC_IMPLEMENTATIONS = YES;
				CLANG_WARN_DIRECT_OBJC_ISA_USAGE = YES_ERROR;
				CLANG_WARN_DOCUMENTATION_COMMENTS = YES;
				CLANG_WARN_EMPTY_BODY = YES;
				CLANG_WARN_ENUM_CONVERSION = YES;
				CLANG_WARN_INFINITE_RECURSION = YES;
				CLANG_WARN_INT_CONVERSION = YES;
				CLANG_WARN_NON_LITERAL_NULL_CONVERSION = YES;
				CLANG_WARN_OBJC_IMPLICIT_RETAIN_SELF = YES;
				CLANG_WARN_OBJC_LITERAL_CONVERSION = YES;
				CLANG_WARN_OBJC_ROOT_CLASS = YES_ERROR;
				CLANG_WARN_RANGE_LOOP_ANALYSIS = YES;
				CLANG_WARN_STRICT_PROTOTYPES = YES;
				CLANG_WARN_SUSPICIOUS_MOVE = YES;
				CLANG_WARN_UNGUARDED_AVAILABILITY = YES_AGGRESSIVE;
				CLANG_WARN_UNREACHABLE_CODE = YES;
				CLANG_WARN__DUPLICATE_METHOD_MATCH = YES;
				CODE_SIGN_IDENTITY = "-";
				COPY_PHASE_STRIP = NO;
				DEBUG_INFORMATION_FORMAT = "dwarf-with-dsym";
				ENABLE_NS_ASSERTIONS = NO;
				ENABLE_STRICT_OBJC_MSGSEND = YES;
				GCC_C_LANGUAGE_STANDARD = gnu11;
				GCC_NO_COMMON_BLOCKS = YES;
				GCC_WARN_64_TO_32_BIT_CONVERSION = YES;
				GCC_WARN_ABOUT_RETURN_TYPE = YES_ERROR;
				GCC_WARN_UNDECLARED_SELECTOR = YES;
				GCC_WARN_UNINITIALIZED_AUTOS = YES_AGGRESSIVE;
				GCC_WARN_UNUSED_FUNCTION = YES;
				GCC_WARN_UNUSED_VARIABLE = YES;
				MACOSX_DEPLOYMENT_TARGET = 10.13;
				MTL_ENABLE_DEBUG_INFO = NO;
				MTL_FAST_MATH = YES;
				SDKROOT = macosx;
				SWIFT_COMPILATION_MODE = wholemodule;
				SWIFT_OPTIMIZATION_LEVEL = "-O";
			};
			name = Release;
		};
		4F20700E217865E60048215C /* Debug */ = {
			isa = XCBuildConfiguration;
			baseConfigurationReference = C9A13BE836B164157EE2B393 /* Pods-DesktopClockAndWeather.debug.xcconfig */;
			buildSettings = {
				ASSETCATALOG_COMPILER_APPICON_NAME = AppIcon;
				CODE_SIGN_ENTITLEMENTS = DesktopClockAndWeather/DesktopClockAndWeather.entitlements;
				CODE_SIGN_IDENTITY = "Mac Developer";
				CODE_SIGN_STYLE = Automatic;
				COMBINE_HIDPI_IMAGES = YES;
				DEVELOPMENT_TEAM = 4E49FXN2FU;
				INFOPLIST_FILE = DesktopClockAndWeather/Info.plist;
				LD_RUNPATH_SEARCH_PATHS = (
					"$(inherited)",
					"@executable_path/../Frameworks",
				);
				PRODUCT_BUNDLE_IDENTIFIER = dfsoft.com.cn.DesktopClockAndWeather;
				PRODUCT_NAME = "$(TARGET_NAME)";
				PROVISIONING_PROFILE_SPECIFIER = "";
				SWIFT_VERSION = 4.2;
			};
			name = Debug;
		};
		4F20700F217865E60048215C /* Release */ = {
			isa = XCBuildConfiguration;
			baseConfigurationReference = 7A38F66C6BF6EC76293F7F40 /* Pods-DesktopClockAndWeather.release.xcconfig */;
			buildSettings = {
				ASSETCATALOG_COMPILER_APPICON_NAME = AppIcon;
				CODE_SIGN_ENTITLEMENTS = DesktopClockAndWeather/DesktopClockAndWeather.entitlements;
				CODE_SIGN_IDENTITY = "Mac Developer";
				CODE_SIGN_STYLE = Automatic;
				COMBINE_HIDPI_IMAGES = YES;
				DEVELOPMENT_TEAM = 4E49FXN2FU;
				INFOPLIST_FILE = DesktopClockAndWeather/Info.plist;
				LD_RUNPATH_SEARCH_PATHS = (
					"$(inherited)",
					"@executable_path/../Frameworks",
				);
				PRODUCT_BUNDLE_IDENTIFIER = dfsoft.com.cn.DesktopClockAndWeather;
				PRODUCT_NAME = "$(TARGET_NAME)";
				PROVISIONING_PROFILE_SPECIFIER = "";
				SWIFT_VERSION = 4.2;
			};
			name = Release;
		};
/* End XCBuildConfiguration section */

/* Begin XCConfigurationList section */
		4F206FF8217865E60048215C /* Build configuration list for PBXProject "DesktopClockAndWeather" */ = {
			isa = XCConfigurationList;
			buildConfigurations = (
				4F20700B217865E60048215C /* Debug */,
				4F20700C217865E60048215C /* Release */,
			);
			defaultConfigurationIsVisible = 0;
			defaultConfigurationName = Release;
		};
		4F20700D217865E60048215C /* Build configuration list for PBXNativeTarget "DesktopClockAndWeather" */ = {
			isa = XCConfigurationList;
			buildConfigurations = (
				4F20700E217865E60048215C /* Debug */,
				4F20700F217865E60048215C /* Release */,
			);
			defaultConfigurationIsVisible = 0;
			defaultConfigurationName = Release;
		};
/* End XCConfigurationList section */
	};
	rootObject = 4F206FF5217865E60048215C /* Project object */;
}
